
Microsoft Visual Studio Solution File, Format Version 12.00
# Visual Studio Version 17
VisualStudioVersion = 17.8.34330.188
MinimumVisualStudioVersion = 10.0.40219.1
Project("{9A19103F-16F7-4668-BE54-9A1E7A4F7556}") = "Infrastructure", "Infrastructure\Infrastructure.csproj", "{8FE53E35-924A-4D98-89C2-F775559F6116}"
EndProject
Project("{9A19103F-16F7-4668-BE54-9A1E7A4F7556}") = "Domain", "Domain\Domain.csproj", "{C83B24AC-4F8F-42E6-BC8D-2D3017349211}"
EndProject
Project("{9A19103F-16F7-4668-BE54-9A1E7A4F7556}") = "Extensions", "Extensions\Extensions.csproj", "{79210266-3437-478C-9214-4F9B3DF66901}"
EndProject
Project("{9A19103F-16F7-4668-BE54-9A1E7A4F7556}") = "ClientPortal.Api", "ClientPortal.Api\ClientPortal.Api.csproj", "{F5099542-847B-44AE-A188-66498E4E4A80}"
EndProject
Project("{9A19103F-16F7-4668-BE54-9A1E7A4F7556}") = "Application.Abstractions", "Application.Abstractions\Application.Abstractions.csproj", "{4A8D7E1E-3C5E-47AF-AA2E-C78409944FE5}"
EndProject
Project("{2150E333-8FDC-42A3-9474-1A3956D46DE8}") = "Integrations", "Integrations", "{2EEFF2E3-3621-4B90-9D27-6FE1E74E0879}"
EndProject
Project("{9A19103F-16F7-4668-BE54-9A1E7A4F7556}") = "Shared", "Integrations\Shared\Shared.csproj", "{1C5D917C-0745-49F6-9FCB-EC5D0DCE5A09}"
EndProject
Project("{9A19103F-16F7-4668-BE54-9A1E7A4F7556}") = "FdtPartnerApi", "Integrations\FdtPartnerApi\FdtPartnerApi.csproj", "{6B55BE1C-0F83-4279-999B-68BC4ACEE152}"
EndProject
Project("{9A19103F-16F7-4668-BE54-9A1E7A4F7556}") = "GnosisSafeApi", "Integrations\GnosisSafeApi\GnosisSafeApi.csproj", "{2C632658-080D-4DF1-87F5-47B5F6729657}"
EndProject
Project("{9A19103F-16F7-4668-BE54-9A1E7A4F7556}") = "Commands", "Commands\Commands.csproj", "{02471248-C9A5-4B56-B66E-6018C1C17482}"
EndProject
Project("{9A19103F-16F7-4668-BE54-9A1E7A4F7556}") = "Fiql.Tests", "Tests\UnitTests\Fiql.Tests\Fiql.Tests.csproj", "{1AE99C41-B7B7-4A35-ADCE-DE0CC0821E74}"
EndProject
Project("{2150E333-8FDC-42A3-9474-1A3956D46DE8}") = "Tests", "Tests", "{6D2FA062-7442-4D6B-A68C-3271C9F43AD1}"
EndProject
Project("{2150E333-8FDC-42A3-9474-1A3956D46DE8}") = "UnitTests", "UnitTests", "{B5FEE114-FA1D-43F8-A220-744F7424397A}"
EndProject
Project("{9A19103F-16F7-4668-BE54-9A1E7A4F7556}") = "AzureGraphApi", "Integrations\AzureGraphApi\AzureGraphApi.csproj", "{C9114CFF-AAFF-493F-9A7A-7C3CEB9602E8}"
EndProject
Project("{9A19103F-16F7-4668-BE54-9A1E7A4F7556}") = "Persistence", "Persistence\Persistence.csproj", "{B43DC0AC-309A-4C81-80DD-8922112DB488}"
EndProject
Project("{9A19103F-16F7-4668-BE54-9A1E7A4F7556}") = "Backoffice.Api", "Backoffice.Api\Backoffice.Api.csproj", "{8EE227AF-E23F-44F3-9D83-B09F17664BB2}"
EndProject
Project("{9A19103F-16F7-4668-BE54-9A1E7A4F7556}") = "Domain.Tests", "Tests\UnitTests\Domain.Tests\Domain.Tests.csproj", "{1D87ABD9-2A0C-4E54-A157-31C7975906CA}"
EndProject
Project("{9A19103F-16F7-4668-BE54-9A1E7A4F7556}") = "AWSServiceProvider", "Integrations\AWSServiceProvider\AWSServiceProvider.csproj", "{E4DCE264-1811-4C01-9C7F-403992AAC97A}"
EndProject
Project("{FAE04EC0-301F-11D3-BF4B-00C04F79EFBC}") = "CourierApi", "Integrations\CourierApi\CourierApi.csproj", "{8AEABA1A-6253-4005-8C50-358B992EA90B}"
EndProject
Global
	GlobalSection(SolutionConfigurationPlatforms) = preSolution
		Debug|Any CPU = Debug|Any CPU
		Release|Any CPU = Release|Any CPU
	EndGlobalSection
	GlobalSection(ProjectConfigurationPlatforms) = postSolution
		{8FE53E35-924A-4D98-89C2-F775559F6116}.Debug|Any CPU.ActiveCfg = Debug|Any CPU
		{8FE53E35-924A-4D98-89C2-F775559F6116}.Debug|Any CPU.Build.0 = Debug|Any CPU
		{8FE53E35-924A-4D98-89C2-F775559F6116}.Release|Any CPU.ActiveCfg = Release|Any CPU
		{8FE53E35-924A-4D98-89C2-F775559F6116}.Release|Any CPU.Build.0 = Release|Any CPU
		{C83B24AC-4F8F-42E6-BC8D-2D3017349211}.Debug|Any CPU.ActiveCfg = Debug|Any CPU
		{C83B24AC-4F8F-42E6-BC8D-2D3017349211}.Debug|Any CPU.Build.0 = Debug|Any CPU
		{C83B24AC-4F8F-42E6-BC8D-2D3017349211}.Release|Any CPU.ActiveCfg = Release|Any CPU
		{C83B24AC-4F8F-42E6-BC8D-2D3017349211}.Release|Any CPU.Build.0 = Release|Any CPU
		{79210266-3437-478C-9214-4F9B3DF66901}.Debug|Any CPU.ActiveCfg = Debug|Any CPU
		{79210266-3437-478C-9214-4F9B3DF66901}.Debug|Any CPU.Build.0 = Debug|Any CPU
		{79210266-3437-478C-9214-4F9B3DF66901}.Release|Any CPU.ActiveCfg = Release|Any CPU
		{79210266-3437-478C-9214-4F9B3DF66901}.Release|Any CPU.Build.0 = Release|Any CPU
		{F5099542-847B-44AE-A188-66498E4E4A80}.Debug|Any CPU.ActiveCfg = Debug|Any CPU
		{F5099542-847B-44AE-A188-66498E4E4A80}.Debug|Any CPU.Build.0 = Debug|Any CPU
		{F5099542-847B-44AE-A188-66498E4E4A80}.Release|Any CPU.ActiveCfg = Release|Any CPU
		{F5099542-847B-44AE-A188-66498E4E4A80}.Release|Any CPU.Build.0 = Release|Any CPU
		{4A8D7E1E-3C5E-47AF-AA2E-C78409944FE5}.Debug|Any CPU.ActiveCfg = Debug|Any CPU
		{4A8D7E1E-3C5E-47AF-AA2E-C78409944FE5}.Debug|Any CPU.Build.0 = Debug|Any CPU
		{4A8D7E1E-3C5E-47AF-AA2E-C78409944FE5}.Release|Any CPU.ActiveCfg = Release|Any CPU
		{4A8D7E1E-3C5E-47AF-AA2E-C78409944FE5}.Release|Any CPU.Build.0 = Release|Any CPU
		{1C5D917C-0745-49F6-9FCB-EC5D0DCE5A09}.Debug|Any CPU.ActiveCfg = Debug|Any CPU
		{1C5D917C-0745-49F6-9FCB-EC5D0DCE5A09}.Debug|Any CPU.Build.0 = Debug|Any CPU
		{1C5D917C-0745-49F6-9FCB-EC5D0DCE5A09}.Release|Any CPU.ActiveCfg = Release|Any CPU
		{1C5D917C-0745-49F6-9FCB-EC5D0DCE5A09}.Release|Any CPU.Build.0 = Release|Any CPU
		{6B55BE1C-0F83-4279-999B-68BC4ACEE152}.Debug|Any CPU.ActiveCfg = Debug|Any CPU
		{6B55BE1C-0F83-4279-999B-68BC4ACEE152}.Debug|Any CPU.Build.0 = Debug|Any CPU
		{6B55BE1C-0F83-4279-999B-68BC4ACEE152}.Release|Any CPU.ActiveCfg = Release|Any CPU
		{6B55BE1C-0F83-4279-999B-68BC4ACEE152}.Release|Any CPU.Build.0 = Release|Any CPU
		{2C632658-080D-4DF1-87F5-47B5F6729657}.Debug|Any CPU.ActiveCfg = Debug|Any CPU
		{2C632658-080D-4DF1-87F5-47B5F6729657}.Debug|Any CPU.Build.0 = Debug|Any CPU
		{2C632658-080D-4DF1-87F5-47B5F6729657}.Release|Any CPU.ActiveCfg = Release|Any CPU
		{2C632658-080D-4DF1-87F5-47B5F6729657}.Release|Any CPU.Build.0 = Release|Any CPU
		{02471248-C9A5-4B56-B66E-6018C1C17482}.Debug|Any CPU.ActiveCfg = Debug|Any CPU
		{02471248-C9A5-4B56-B66E-6018C1C17482}.Debug|Any CPU.Build.0 = Debug|Any CPU
		{02471248-C9A5-4B56-B66E-6018C1C17482}.Release|Any CPU.ActiveCfg = Release|Any CPU
		{02471248-C9A5-4B56-B66E-6018C1C17482}.Release|Any CPU.Build.0 = Release|Any CPU
		{1AE99C41-B7B7-4A35-ADCE-DE0CC0821E74}.Debug|Any CPU.ActiveCfg = Debug|Any CPU
		{1AE99C41-B7B7-4A35-ADCE-DE0CC0821E74}.Debug|Any CPU.Build.0 = Debug|Any CPU
		{1AE99C41-B7B7-4A35-ADCE-DE0CC0821E74}.Release|Any CPU.ActiveCfg = Release|Any CPU
		{1AE99C41-B7B7-4A35-ADCE-DE0CC0821E74}.Release|Any CPU.Build.0 = Release|Any CPU
		{C9114CFF-AAFF-493F-9A7A-7C3CEB9602E8}.Debug|Any CPU.ActiveCfg = Debug|Any CPU
		{C9114CFF-AAFF-493F-9A7A-7C3CEB9602E8}.Debug|Any CPU.Build.0 = Debug|Any CPU
		{C9114CFF-AAFF-493F-9A7A-7C3CEB9602E8}.Release|Any CPU.ActiveCfg = Release|Any CPU
		{C9114CFF-AAFF-493F-9A7A-7C3CEB9602E8}.Release|Any CPU.Build.0 = Release|Any CPU
		{B43DC0AC-309A-4C81-80DD-8922112DB488}.Debug|Any CPU.ActiveCfg = Debug|Any CPU
		{B43DC0AC-309A-4C81-80DD-8922112DB488}.Debug|Any CPU.Build.0 = Debug|Any CPU
		{B43DC0AC-309A-4C81-80DD-8922112DB488}.Release|Any CPU.ActiveCfg = Release|Any CPU
		{B43DC0AC-309A-4C81-80DD-8922112DB488}.Release|Any CPU.Build.0 = Release|Any CPU
		{8EE227AF-E23F-44F3-9D83-B09F17664BB2}.Debug|Any CPU.ActiveCfg = Debug|Any CPU
		{8EE227AF-E23F-44F3-9D83-B09F17664BB2}.Debug|Any CPU.Build.0 = Debug|Any CPU
		{8EE227AF-E23F-44F3-9D83-B09F17664BB2}.Release|Any CPU.ActiveCfg = Release|Any CPU
		{8EE227AF-E23F-44F3-9D83-B09F17664BB2}.Release|Any CPU.Build.0 = Release|Any CPU
		{1D87ABD9-2A0C-4E54-A157-31C7975906CA}.Debug|Any CPU.ActiveCfg = Debug|Any CPU
		{1D87ABD9-2A0C-4E54-A157-31C7975906CA}.Debug|Any CPU.Build.0 = Debug|Any CPU
		{1D87ABD9-2A0C-4E54-A157-31C7975906CA}.Release|Any CPU.ActiveCfg = Release|Any CPU
		{1D87ABD9-2A0C-4E54-A157-31C7975906CA}.Release|Any CPU.Build.0 = Release|Any CPU
		{E4DCE264-1811-4C01-9C7F-403992AAC97A}.Debug|Any CPU.ActiveCfg = Debug|Any CPU
		{E4DCE264-1811-4C01-9C7F-403992AAC97A}.Debug|Any CPU.Build.0 = Debug|Any CPU
		{E4DCE264-1811-4C01-9C7F-403992AAC97A}.Release|Any CPU.ActiveCfg = Release|Any CPU
		{E4DCE264-1811-4C01-9C7F-403992AAC97A}.Release|Any CPU.Build.0 = Release|Any CPU
		{8AEABA1A-6253-4005-8C50-358B992EA90B}.Debug|Any CPU.ActiveCfg = Debug|Any CPU
		{8AEABA1A-6253-4005-8C50-358B992EA90B}.Debug|Any CPU.Build.0 = Debug|Any CPU
		{8AEABA1A-6253-4005-8C50-358B992EA90B}.Release|Any CPU.ActiveCfg = Release|Any CPU
		{8AEABA1A-6253-4005-8C50-358B992EA90B}.Release|Any CPU.Build.0 = Release|Any CPU
	EndGlobalSection
	GlobalSection(SolutionProperties) = preSolution
		HideSolutionNode = FALSE
	EndGlobalSection
	GlobalSection(NestedProjects) = preSolution
		{1C5D917C-0745-49F6-9FCB-EC5D0DCE5A09} = {2EEFF2E3-3621-4B90-9D27-6FE1E74E0879}
		{6B55BE1C-0F83-4279-999B-68BC4ACEE152} = {2EEFF2E3-3621-4B90-9D27-6FE1E74E0879}
		{2C632658-080D-4DF1-87F5-47B5F6729657} = {2EEFF2E3-3621-4B90-9D27-6FE1E74E0879}
		{1AE99C41-B7B7-4A35-ADCE-DE0CC0821E74} = {B5FEE114-FA1D-43F8-A220-744F7424397A}
		{B5FEE114-FA1D-43F8-A220-744F7424397A} = {6D2FA062-7442-4D6B-A68C-3271C9F43AD1}
		{C9114CFF-AAFF-493F-9A7A-7C3CEB9602E8} = {2EEFF2E3-3621-4B90-9D27-6FE1E74E0879}
		{1D87ABD9-2A0C-4E54-A157-31C7975906CA} = {B5FEE114-FA1D-43F8-A220-744F7424397A}
		{E4DCE264-1811-4C01-9C7F-403992AAC97A} = {2EEFF2E3-3621-4B90-9D27-6FE1E74E0879}
		{8AEABA1A-6253-4005-8C50-358B992EA90B} = {2EEFF2E3-3621-4B90-9D27-6FE1E74E0879}
	EndGlobalSection
	GlobalSection(ExtensibilityGlobals) = postSolution
		SolutionGuid = {67C51E63-968E-486D-85F4-C551226CA957}
	EndGlobalSection
EndGlobal
